{
  "version": "5",
  "specifiers": {
    "npm:zola-bin@2.1.0": "2.1.0"
  },
  "npm": {
    "@u-c-s/zola-darwin-arm64@0.22.0": {
      "integrity": "sha512-VrGoTvyKgCYNnF8+hJ0tbW+0DJ94LOQ+tpHiGABqriQGFvxAB/zLsDByn2J3P26s6tY5w+9/txy0aV2zEHY6QQ==",
      "os": ["darwin"],
      "cpu": ["arm64"]
    },
    "@u-c-s/zola-darwin-x64@0.22.0": {
      "integrity": "sha512-G27vhMyQZGUPBrOJ35uR3YEcLZswJARC0QE+RwVnJQ0UOF6tgnLQvGWZVUM8bGlqaSCyafOFrxQDtwLzT+ECfw==",
      "os": ["darwin"],
      "cpu": ["x64"]
    },
    "@u-c-s/zola-linux-x64-gnu@0.22.0": {
      "integrity": "sha512-uU0eNjRq0xV+Dfcpl8irNHDaf++hiXrTV/8Jg8ojXpzwaO8lDLyccvmTBBHZpX1w7vSp13A0T6rbANadZOkhrw==",
      "os": ["linux"],
      "cpu": ["x64"]
    },
    "@u-c-s/zola-win32-x64-msvc@0.22.0": {
      "integrity": "sha512-KOAQy53eRby6zEWO4iklQsfY0UQw9VZOISBt00FCguMq0caddADgJRlE1oewvvnSrwhaeG/dFHY9Yavz8ZvXEg==",
      "os": ["win32"],
      "cpu": ["x64"]
    },
    "zola-bin@2.1.0": {
      "integrity": "sha512-PZwQ01pd2VlPht5r9M4YYMr6jWpFKeA53NAG1TuYRthm7DhmwX/kWVjO9/WEG4FOvchcacTzqSfnALC8szE3sw==",
      "optionalDependencies": [
        "@u-c-s/zola-darwin-arm64",
        "@u-c-s/zola-darwin-x64",
        "@u-c-s/zola-linux-x64-gnu",
        "@u-c-s/zola-win32-x64-msvc"
      ],
      "bin": true
    }
  },
  "workspace": {
    "dependencies": [
      "npm:zola-bin@2.1.0"
    ]
  }
}
