{
  "name": "ZolaProse",
  "lockfileVersion": 3,
  "requires": true,
  "packages": {
    "": {
      "devDependencies": {
        "zola-bin": "2.1.0"
      }
    },
    "node_modules/@u-c-s/zola-darwin-arm64": {
      "version": "0.22.0",
      "resolved": "https://registry.npmjs.org/@u-c-s/zola-darwin-arm64/-/zola-darwin-arm64-0.22.0.tgz",
      "integrity": "sha512-VrGoTvyKgCYNnF8+hJ0tbW+0DJ94LOQ+tpHiGABqriQGFvxAB/zLsDByn2J3P26s6tY5w+9/txy0aV2zEHY6QQ==",
      "cpu": [
        "arm64"
      ],
      "dev": true,
      "license": "MIT",
      "optional": true,
      "os": [
        "darwin"
      ],
      "engines": {
        "node": ">= 20"
      }
    },
    "node_modules/@u-c-s/zola-darwin-x64": {
      "version": "0.22.0",
      "resolved": "https://registry.npmjs.org/@u-c-s/zola-darwin-x64/-/zola-darwin-x64-0.22.0.tgz",
      "integrity": "sha512-G27vhMyQZGUPBrOJ35uR3YEcLZswJARC0QE+RwVnJQ0UOF6tgnLQvGWZVUM8bGlqaSCyafOFrxQDtwLzT+ECfw==",
      "cpu": [
        "x64"
      ],
      "dev": true,
      "license": "MIT",
      "optional": true,
      "os": [
        "darwin"
      ],
      "engines": {
        "node": ">= 20"
      }
    },
    "node_modules/@u-c-s/zola-linux-x64-gnu": {
      "version": "0.22.0",
      "resolved": "https://registry.npmjs.org/@u-c-s/zola-linux-x64-gnu/-/zola-linux-x64-gnu-0.22.0.tgz",
      "integrity": "sha512-uU0eNjRq0xV+Dfcpl8irNHDaf++hiXrTV/8Jg8ojXpzwaO8lDLyccvmTBBHZpX1w7vSp13A0T6rbANadZOkhrw==",
      "cpu": [
        "x64"
      ],
      "dev": true,
      "license": "MIT",
      "optional": true,
      "os": [
        "linux"
      ],
      "engines": {
        "node": ">= 20"
      }
    },
    "node_modules/@u-c-s/zola-win32-x64-msvc": {
      "version": "0.22.0",
      "resolved": "https://registry.npmjs.org/@u-c-s/zola-win32-x64-msvc/-/zola-win32-x64-msvc-0.22.0.tgz",
      "integrity": "sha512-KOAQy53eRby6zEWO4iklQsfY0UQw9VZOISBt00FCguMq0caddADgJRlE1oewvvnSrwhaeG/dFHY9Yavz8ZvXEg==",
      "cpu": [
        "x64"
      ],
      "dev": true,
      "license": "MIT",
      "optional": true,
      "os": [
        "win32"
      ],
      "engines": {
        "node": ">= 20"
      }
    },
    "node_modules/zola-bin": {
      "version": "2.1.0",
      "resolved": "https://registry.npmjs.org/zola-bin/-/zola-bin-2.1.0.tgz",
      "integrity": "sha512-PZwQ01pd2VlPht5r9M4YYMr6jWpFKeA53NAG1TuYRthm7DhmwX/kWVjO9/WEG4FOvchcacTzqSfnALC8szE3sw==",
      "dev": true,
      "license": "MIT",
      "bin": {
        "zola-bin": "bin/zola.js"
      },
      "engines": {
        "node": ">= 20"
      },
      "optionalDependencies": {
        "@u-c-s/zola-darwin-arm64": "0.22.0",
        "@u-c-s/zola-darwin-x64": "0.22.0",
        "@u-c-s/zola-linux-x64-gnu": "0.22.0",
        "@u-c-s/zola-win32-x64-msvc": "0.22.0"
      }
    }
  }
}
